
Microsoft Visual Studio Solution File, Format Version 12.00
# Visual Studio 14
VisualStudioVersion = 14.0.25420.1
MinimumVisualStudioVersion = 10.0.40219.1
Project("{FAE04EC0-301F-11D3-BF4B-00C04F79EFBC}") = "DVD Shop", "DVD Shop\DVD Shop.csproj", "{A9EC1162-39D4-49E8-A101-CF275153F7BB}"
EndProject
Global
	GlobalSection(SolutionConfigurationPlatforms) = preSolution
		Debug|Any CPU = Debug|Any CPU
		Release|Any CPU = Release|Any CPU
		Testing|Any CPU = Testing|Any CPU
	EndGlobalSection
	GlobalSection(ProjectConfigurationPlatforms) = postSolution
		{A9EC1162-39D4-49E8-A101-CF275153F7BB}.Debug|Any CPU.ActiveCfg = Debug|Any CPU
		{A9EC1162-39D4-49E8-A101-CF275153F7BB}.Debug|Any CPU.Build.0 = Debug|Any CPU
		{A9EC1162-39D4-49E8-A101-CF275153F7BB}.Release|Any CPU.ActiveCfg = Release|Any CPU
		{A9EC1162-39D4-49E8-A101-CF275153F7BB}.Release|Any CPU.Build.0 = Release|Any CPU
		{A9EC1162-39D4-49E8-A101-CF275153F7BB}.Testing|Any CPU.ActiveCfg = Testing|Any CPU
		{A9EC1162-39D4-49E8-A101-CF275153F7BB}.Testing|Any CPU.Build.0 = Testing|Any CPU
	EndGlobalSection
	GlobalSection(SolutionProperties) = preSolution
		HideSolutionNode = FALSE
	EndGlobalSection
EndGlobal
